<?xml version="1.0" encoding="utf-8"?>
<Project ToolsVersion="4.0" xmlns="http://schemas.microsoft.com/developer/msbuild/2003">
  <ItemGroup>
    <Filter Include="ソース ファイル">
      <UniqueIdentifier>{4FC737F1-C7A5-4376-A066-2A32D752A2FF}</UniqueIdentifier>
      <Extensions>cpp;c;cc;cxx;c++;cppm;ixx;def;odl;idl;hpj;bat;asm;asmx</Extensions>
    </Filter>
    <Filter Include="ヘッダー ファイル">
      <UniqueIdentifier>{93995380-89BD-4b04-88EB-625FBE52EBFB}</UniqueIdentifier>
      <Extensions>h;hh;hpp;hxx;h++;hm;inl;inc;ipp;xsd</Extensions>
    </Filter>
    <Filter Include="リソース ファイル">
      <UniqueIdentifier>{67DA6AB6-F800-4c08-8B7A-83BB121AAD01}</UniqueIdentifier>
      <Extensions>rc;ico;cur;bmp;dlg;rc2;rct;bin;rgs;gif;jpg;jpeg;jpe;resx;tiff;tif;png;wav;mfcribbon-ms</Extensions>
    </Filter>
    <Filter Include="ソース ファイル\Library">
      <UniqueIdentifier>{dee5ef42-1798-451d-82aa-3e19cc7227da}</UniqueIdentifier>
    </Filter>
    <Filter Include="ソース ファイル\Library\OpenSocket">
      <UniqueIdentifier>{f2f3c78a-7fbd-49c9-9734-a135d18f1b38}</UniqueIdentifier>
    </Filter>
    <Filter Include="ヘッダー ファイル\Library">
      <UniqueIdentifier>{a029d921-e375-41fb-b279-9f9141f90881}</UniqueIdentifier>
    </Filter>
    <Filter Include="ヘッダー ファイル\Library\OpenSocket">
      <UniqueIdentifier>{c7205ab1-b60e-4038-b2df-dd105bbb4b2e}</UniqueIdentifier>
    </Filter>
    <Filter Include="ソース ファイル\Library\FileController">
      <UniqueIdentifier>{000065ae-4aa0-431f-9f59-6d298f972a13}</UniqueIdentifier>
    </Filter>
    <Filter Include="ヘッダー ファイル\Library\FileController">
      <UniqueIdentifier>{c53e19e9-c56f-4807-918d-65759dcc2e3a}</UniqueIdentifier>
    </Filter>
    <Filter Include="ソース ファイル\Library\Timestamp">
      <UniqueIdentifier>{6ba15243-94fe-481d-a675-97cc1f2064f0}</UniqueIdentifier>
    </Filter>
    <Filter Include="ヘッダー ファイル\Library\Timestamp">
      <UniqueIdentifier>{77173608-6cf9-4d95-863b-a3a2baf205cf}</UniqueIdentifier>
    </Filter>
    <Filter Include="ソース ファイル\Library\OpenSocket\base">
      <UniqueIdentifier>{7e8cd39e-7791-44fb-888a-3ed6552a0405}</UniqueIdentifier>
    </Filter>
    <Filter Include="ヘッダー ファイル\Library\OpenSocket\base">
      <UniqueIdentifier>{3417a991-c920-412f-923e-cca80241cca5}</UniqueIdentifier>
    </Filter>
    <Filter Include="ソース ファイル\Library\LogController">
      <UniqueIdentifier>{ac856c45-8ff8-4dc3-9a82-00ec1775fdc6}</UniqueIdentifier>
    </Filter>
    <Filter Include="ヘッダー ファイル\Library\LogController">
      <UniqueIdentifier>{af6412cb-9f8a-477f-8311-c931eba26d24}</UniqueIdentifier>
    </Filter>
  </ItemGroup>
  <ItemGroup>
    <ClCompile Include="Orient_server.cpp">
      <Filter>ソース ファイル</Filter>
    </ClCompile>
    <ClCompile Include="src\Library\FileController\FileController.cpp">
      <Filter>ソース ファイル\Library\FileController</Filter>
    </ClCompile>
    <ClCompile Include="src\Library\Timestamp\Timestamp.cpp">
      <Filter>ソース ファイル\Library\Timestamp</Filter>
    </ClCompile>
    <ClCompile Include="src\Library\OpenSocket\base\BaseClient.cpp">
      <Filter>ソース ファイル\Library\OpenSocket\base</Filter>
    </ClCompile>
    <ClCompile Include="src\Library\OpenSocket\base\BaseServer.cpp">
      <Filter>ソース ファイル\Library\OpenSocket\base</Filter>
    </ClCompile>
    <ClCompile Include="src\Library\OpenSocket\base\BaseSocket.cpp">
      <Filter>ソース ファイル\Library\OpenSocket\base</Filter>
    </ClCompile>
    <ClCompile Include="src\Library\OpenSocket\TCP_Client.cpp">
      <Filter>ソース ファイル\Library\OpenSocket</Filter>
    </ClCompile>
    <ClCompile Include="src\Library\OpenSocket\TCP_Server.cpp">
      <Filter>ソース ファイル\Library\OpenSocket</Filter>
    </ClCompile>
    <ClCompile Include="src\Library\OpenSocket\UDP_Client.cpp">
      <Filter>ソース ファイル\Library\OpenSocket</Filter>
    </ClCompile>
    <ClCompile Include="src\Library\OpenSocket\UDP_Server.cpp">
      <Filter>ソース ファイル\Library\OpenSocket</Filter>
    </ClCompile>
    <ClCompile Include="src\Library\LogController\LogController.cpp">
      <Filter>ソース ファイル\Library\LogController</Filter>
    </ClCompile>
  </ItemGroup>
  <ItemGroup>
    <ClInclude Include="src\Library\OpenSocket\OpenSocket.h">
      <Filter>ヘッダー ファイル\Library\OpenSocket</Filter>
    </ClInclude>
    <ClInclude Include="src\Library\OpenSocket\OpenSocket_Def.h">
      <Filter>ヘッダー ファイル\Library\OpenSocket</Filter>
    </ClInclude>
    <ClInclude Include="src\Library\OpenSocket\OpenSocket_STD.h">
      <Filter>ヘッダー ファイル\Library\OpenSocket</Filter>
    </ClInclude>
    <ClInclude Include="src\Library\FileController\FileController.h">
      <Filter>ヘッダー ファイル\Library\FileController</Filter>
    </ClInclude>
    <ClInclude Include="src\Library\Timestamp\Timestamp.h">
      <Filter>ヘッダー ファイル\Library\Timestamp</Filter>
    </ClInclude>
    <ClInclude Include="src\Library\OpenSocket\base\BaseSocket.h">
      <Filter>ヘッダー ファイル\Library\OpenSocket\base</Filter>
    </ClInclude>
    <ClInclude Include="src\Library\OpenSocket\base\BaseClient.h">
      <Filter>ヘッダー ファイル\Library\OpenSocket\base</Filter>
    </ClInclude>
    <ClInclude Include="src\Library\OpenSocket\base\BaseServer.h">
      <Filter>ヘッダー ファイル\Library\OpenSocket\base</Filter>
    </ClInclude>
    <ClInclude Include="src\Library\OpenSocket\TCP_Client.h">
      <Filter>ヘッダー ファイル\Library\OpenSocket</Filter>
    </ClInclude>
    <ClInclude Include="src\Library\OpenSocket\TCP_Server.h">
      <Filter>ヘッダー ファイル\Library\OpenSocket</Filter>
    </ClInclude>
    <ClInclude Include="src\Library\OpenSocket\UDP_Client.h">
      <Filter>ヘッダー ファイル\Library\OpenSocket</Filter>
    </ClInclude>
    <ClInclude Include="src\Library\OpenSocket\UDP_Server.h">
      <Filter>ヘッダー ファイル\Library\OpenSocket</Filter>
    </ClInclude>
    <ClInclude Include="src\Library\LogController\LogController.h">
      <Filter>ヘッダー ファイル\Library\LogController</Filter>
    </ClInclude>
  </ItemGroup>
</Project>